{
  "nodes": {
    "chaotic": {
      "inputs": {
        "flake-schemas": "flake-schemas",
        "home-manager": "home-manager",
        "jovian": "jovian",
        "nixpkgs": "nixpkgs",
        "rust-overlay": "rust-overlay"
      },
      "locked": {
        "lastModified": 1765204341,
        "narHash": "sha256-7xd45skcuLCu2DHxVvU+W/z+7CUOjyv+QPtT4PLZaIU=",
        "owner": "chaotic-cx",
        "repo": "nyx",
        "rev": "aacb796ccd42be1555196c20013b9b674b71df75",
        "type": "github"
      },
      "original": {
        "owner": "chaotic-cx",
        "ref": "nyxpkgs-unstable",
        "repo": "nyx",
        "type": "github"
      }
    },
    "flake-compat": {
      "flake": false,
      "locked": {
        "lastModified": 1761588595,
        "narHash": "sha256-XKUZz9zewJNUj46b4AJdiRZJAvSZ0Dqj2BNfXvFlJC4=",
        "owner": "edolstra",
        "repo": "flake-compat",
        "rev": "f387cd2afec9419c8ee37694406ca490c3f34ee5",
        "type": "github"
      },
      "original": {
        "owner": "edolstra",
        "repo": "flake-compat",
        "type": "github"
      }
    },
    "flake-schemas": {
      "locked": {
        "lastModified": 1721999734,
        "narHash": "sha256-G5CxYeJVm4lcEtaO87LKzOsVnWeTcHGKbKxNamNWgOw=",
        "rev": "0a5c42297d870156d9c57d8f99e476b738dcd982",
        "revCount": 75,
        "type": "tarball",
        "url": "https://api.flakehub.com/f/pinned/DeterminateSystems/flake-schemas/0.1.5/0190ef2f-61e0-794b-ba14-e82f225e55e6/source.tar.gz"
      },
      "original": {
        "type": "tarball",
        "url": "https://flakehub.com/f/DeterminateSystems/flake-schemas/%3D0.1.5.tar.gz"
      }
    },
    "home-manager": {
      "inputs": {
        "nixpkgs": [
          "chaotic",
          "nixpkgs"
        ]
      },
      "locked": {
        "lastModified": 1764998300,
        "narHash": "sha256-fZatn/KLfHLDXnF0wy7JxXqGaZmGDTVufT4o/AOlj44=",
        "owner": "nix-community",
        "repo": "home-manager",
        "rev": "27a6182347ccae90a88231ae0dc5dfa7d15815bb",
        "type": "github"
      },
      "original": {
        "owner": "nix-community",
        "repo": "home-manager",
        "type": "github"
      }
    },
    "icedos-github_icedos_apps": {
      "locked": {
        "lastModified": 1765067273,
        "narHash": "sha256-BWYk6h5TIkmL3Ic1SRlbbu6iNqTe5ouvR+wQrCg+4ak=",
        "owner": "icedos",
        "repo": "apps",
        "rev": "d3e141f629bcc0e442f74faa0eb8801231728855",
        "type": "github"
      },
      "original": {
        "owner": "icedos",
        "repo": "apps",
        "rev": "d3e141f629bcc0e442f74faa0eb8801231728855",
        "type": "github"
      }
    },
    "icedos-github_icedos_apps-aagl-aagl": {
      "inputs": {
        "flake-compat": "flake-compat",
        "nixpkgs": [
          "nixpkgs"
        ],
        "rust-overlay": "rust-overlay_2"
      },
      "locked": {
        "lastModified": 1764169039,
        "narHash": "sha256-9DabwGlLz2mEOV7nw97HP6LLx1xv4RAHhnQSICbW+mE=",
        "owner": "ezKEa",
        "repo": "aagl-gtk-on-nix",
        "rev": "c4a5f08a6ff74624ac576525765b06c79d2077e3",
        "type": "github"
      },
      "original": {
        "owner": "ezKEa",
        "repo": "aagl-gtk-on-nix",
        "type": "github"
      }
    },
    "icedos-github_icedos_apps-celluloid-celluloid-shader": {
      "flake": false,
      "locked": {
        "lastModified": 1,
        "narHash": "sha256-Y/pZSV0PGDjswJKdzpdrOZUORD2ALV7xIh0RahLOSj0=",
        "path": "/nix/store/5zcj323fgw0vxx0nhgvp45yxrwikm0c6-FSR.glsl",
        "type": "path"
      },
      "original": {
        "path": "/nix/store/5zcj323fgw0vxx0nhgvp45yxrwikm0c6-FSR.glsl",
        "type": "path"
      }
    },
    "icedos-github_icedos_desktop": {
      "locked": {
        "lastModified": 1765120660,
        "narHash": "sha256-ztRT8LhiCdgMpF/x/iG/0CccRjhNnyJZrbkicrzZjdI=",
        "owner": "icedos",
        "repo": "desktop",
        "rev": "fb1b25d21e254d2ee56e116dfebe7ac7759e6235",
        "type": "github"
      },
      "original": {
        "owner": "icedos",
        "repo": "desktop",
        "rev": "fb1b25d21e254d2ee56e116dfebe7ac7759e6235",
        "type": "github"
      }
    },
    "icedos-github_icedos_gnome": {
      "locked": {
        "lastModified": 1764254863,
        "narHash": "sha256-L+GM/loSa/dVk2lZ3haqyB9nNYgEZWBmyAnpbOYy+1s=",
        "owner": "icedos",
        "repo": "gnome",
        "rev": "884a9f13516c18db04ce26898a7a17434b792e01",
        "type": "github"
      },
      "original": {
        "owner": "icedos",
        "repo": "gnome",
        "rev": "884a9f13516c18db04ce26898a7a17434b792e01",
        "type": "github"
      }
    },
    "icedos-github_icedos_hardware": {
      "locked": {
        "lastModified": 1765206178,
        "narHash": "sha256-sQQOQo7oAgtjAr/zMMTzHyO1+iMJhmIXKfsyri4ai8o=",
        "owner": "icedos",
        "repo": "hardware",
        "rev": "67ac42ddaff456bb1f422cf76d203d7bb64a1e23",
        "type": "github"
      },
      "original": {
        "owner": "icedos",
        "repo": "hardware",
        "rev": "67ac42ddaff456bb1f422cf76d203d7bb64a1e23",
        "type": "github"
      }
    },
    "icedos-github_icedos_providers": {
      "locked": {
        "lastModified": 1763871570,
        "narHash": "sha256-tpFGVAz/aMProC+IR736GZFuUJli4cp2RUrK0bpt4ZU=",
        "owner": "icedos",
        "repo": "providers",
        "rev": "c8c06c007923371a6baedcabe55cb1b209f0f04b",
        "type": "github"
      },
      "original": {
        "owner": "icedos",
        "repo": "providers",
        "rev": "c8c06c007923371a6baedcabe55cb1b209f0f04b",
        "type": "github"
      }
    },
    "icedos-github_icedos_tweaks": {
      "locked": {
        "lastModified": 1754974764,
        "narHash": "sha256-lQbWKdDNMsBFmuSKaXaNd8ErG6gdVAYFeH9EOFCcOxw=",
        "owner": "icedos",
        "repo": "tweaks",
        "rev": "83d42744d78c418a259b8e1c4ae7eba1d3e9eaf5",
        "type": "github"
      },
      "original": {
        "owner": "icedos",
        "repo": "tweaks",
        "rev": "83d42744d78c418a259b8e1c4ae7eba1d3e9eaf5",
        "type": "github"
      }
    },
    "icedos-github_icedos_users": {
      "locked": {
        "lastModified": 1755402149,
        "narHash": "sha256-t1RrCa7ez13ZiB8LTVmrc69ZasYqoJXwMhuS8uXT37A=",
        "owner": "icedos",
        "repo": "users",
        "rev": "9ddc3663045cd05e7df3d99844b4b640741fe667",
        "type": "github"
      },
      "original": {
        "owner": "icedos",
        "repo": "users",
        "rev": "9ddc3663045cd05e7df3d99844b4b640741fe667",
        "type": "github"
      }
    },
    "jovian": {
      "inputs": {
        "nix-github-actions": "nix-github-actions",
        "nixpkgs": [
          "chaotic",
          "nixpkgs"
        ]
      },
      "locked": {
        "lastModified": 1764922999,
        "narHash": "sha256-LSvUxKm6S6ZAd/otQSkAHd3+8KJhi8OwGJGSe0K//B8=",
        "owner": "Jovian-Experiments",
        "repo": "Jovian-NixOS",
        "rev": "9b9ead1b5591b68f4048e7205ba1397bc85ce6c4",
        "type": "github"
      },
      "original": {
        "owner": "Jovian-Experiments",
        "repo": "Jovian-NixOS",
        "type": "github"
      }
    },
    "nix-github-actions": {
      "inputs": {
        "nixpkgs": [
          "chaotic",
          "jovian",
          "nixpkgs"
        ]
      },
      "locked": {
        "lastModified": 1729697500,
        "narHash": "sha256-VFTWrbzDlZyFHHb1AlKRiD/qqCJIripXKiCSFS8fAOY=",
        "owner": "zhaofengli",
        "repo": "nix-github-actions",
        "rev": "e418aeb728b6aa5ca8c5c71974e7159c2df1d8cf",
        "type": "github"
      },
      "original": {
        "owner": "zhaofengli",
        "ref": "matrix-name",
        "repo": "nix-github-actions",
        "type": "github"
      }
    },
    "nixpkgs": {
      "locked": {
        "lastModified": 1764950072,
        "narHash": "sha256-BmPWzogsG2GsXZtlT+MTcAWeDK5hkbGRZTeZNW42fwA=",
        "owner": "NixOS",
        "repo": "nixpkgs",
        "rev": "f61125a668a320878494449750330ca58b78c557",
        "type": "github"
      },
      "original": {
        "owner": "NixOS",
        "ref": "nixos-unstable",
        "repo": "nixpkgs",
        "type": "github"
      }
    },
    "nixpkgs_2": {
      "locked": {
        "lastModified": 1744536153,
        "narHash": "sha256-awS2zRgF4uTwrOKwwiJcByDzDOdo3Q1rPZbiHQg/N38=",
        "owner": "NixOS",
        "repo": "nixpkgs",
        "rev": "18dd725c29603f582cf1900e0d25f9f1063dbf11",
        "type": "github"
      },
      "original": {
        "owner": "NixOS",
        "ref": "nixpkgs-unstable",
        "repo": "nixpkgs",
        "type": "github"
      }
    },
    "root": {
      "inputs": {
        "chaotic": "chaotic",
        "home-manager": [
          "chaotic",
          "home-manager"
        ],
        "icedos-github_icedos_apps": "icedos-github_icedos_apps",
        "icedos-github_icedos_apps-aagl-aagl": "icedos-github_icedos_apps-aagl-aagl",
        "icedos-github_icedos_apps-celluloid-celluloid-shader": "icedos-github_icedos_apps-celluloid-celluloid-shader",
        "icedos-github_icedos_desktop": "icedos-github_icedos_desktop",
        "icedos-github_icedos_gnome": "icedos-github_icedos_gnome",
        "icedos-github_icedos_hardware": "icedos-github_icedos_hardware",
        "icedos-github_icedos_providers": "icedos-github_icedos_providers",
        "icedos-github_icedos_tweaks": "icedos-github_icedos_tweaks",
        "icedos-github_icedos_users": "icedos-github_icedos_users",
        "nixpkgs": [
          "chaotic",
          "nixpkgs"
        ]
      }
    },
    "rust-overlay": {
      "inputs": {
        "nixpkgs": [
          "chaotic",
          "nixpkgs"
        ]
      },
      "locked": {
        "lastModified": 1765075567,
        "narHash": "sha256-KFDCdQcHJ0hE3Nt5Gm5enRIhmtEifAjpxgUQ3mzSJpA=",
        "owner": "oxalica",
        "repo": "rust-overlay",
        "rev": "769156779b41e8787a46ca3d7d76443aaf68be6f",
        "type": "github"
      },
      "original": {
        "owner": "oxalica",
        "repo": "rust-overlay",
        "type": "github"
      }
    },
    "rust-overlay_2": {
      "inputs": {
        "nixpkgs": "nixpkgs_2"
      },
      "locked": {
        "lastModified": 1764124769,
        "narHash": "sha256-vcoOEy3i8AGJi3Y2C48hrf6CuL2h8W1gLe1gNt72Kxg=",
        "owner": "oxalica",
        "repo": "rust-overlay",
        "rev": "5da8c00313b4434f00aed6b4c94cd3b207bafdc5",
        "type": "github"
      },
      "original": {
        "owner": "oxalica",
        "repo": "rust-overlay",
        "type": "github"
      }
    }
  },
  "root": "root",
  "version": 7
}
